// !$*UTF8*$!
{
	archiveVersion = 1;
	classes = {
	};
	objectVersion = 56;
	objects = {

/* Begin PBXBuildFile section */
		A52B3E182C6DF9C9007EAF9E /* FeedCell.swift in Sources */ = {isa = PBXBuildFile; fileRef = A52B3E172C6DF9C9007EAF9E /* FeedCell.swift */; };
		A54E040A2C7317DA00488161 /* SDWebImage in Frameworks */ = {isa = PBXBuildFile; productRef = A54E04092C7317DA00488161 /* SDWebImage */; };
		A54E040C2C7317DA00488161 /* SDWebImageMapKit in Frameworks */ = {isa = PBXBuildFile; productRef = A54E040B2C7317DA00488161 /* SDWebImageMapKit */; };
		A556BA272C805F240040F837 /* UIStoryboard+Extensions.swift in Sources */ = {isa = PBXBuildFile; fileRef = A556BA262C805F240040F837 /* UIStoryboard+Extensions.swift */; };
		A556BA292C805F280040F837 /* UIAlertController+Extensions.swift in Sources */ = {isa = PBXBuildFile; fileRef = A556BA282C805F280040F837 /* UIAlertController+Extensions.swift */; };
		A58DD1CD2C74C4920034D6A8 /* Post.swift in Sources */ = {isa = PBXBuildFile; fileRef = A58DD1CC2C74C4920034D6A8 /* Post.swift */; };
		A5BF355C2C649B2B00B18553 /* FeedViewController.swift in Sources */ = {isa = PBXBuildFile; fileRef = A5BF355B2C649B2B00B18553 /* FeedViewController.swift */; };
		A5BF355E2C649B3500B18553 /* UploadViewController.swift in Sources */ = {isa = PBXBuildFile; fileRef = A5BF355D2C649B3500B18553 /* UploadViewController.swift */; };
		A5BF35602C649B4700B18553 /* SettingsViewController.swift in Sources */ = {isa = PBXBuildFile; fileRef = A5BF355F2C649B4700B18553 /* SettingsViewController.swift */; };
		A5C5E7292C82191400BA771F /* CustomTabBarController.swift in Sources */ = {isa = PBXBuildFile; fileRef = A5C5E7282C82191400BA771F /* CustomTabBarController.swift */; };
		A5DCEA272C63928100AD8CD6 /* AppDelegate.swift in Sources */ = {isa = PBXBuildFile; fileRef = A5DCEA262C63928100AD8CD6 /* AppDelegate.swift */; };
		A5DCEA292C63928100AD8CD6 /* SceneDelegate.swift in Sources */ = {isa = PBXBuildFile; fileRef = A5DCEA282C63928100AD8CD6 /* SceneDelegate.swift */; };
		A5DCEA2B2C63928100AD8CD6 /* ViewController.swift in Sources */ = {isa = PBXBuildFile; fileRef = A5DCEA2A2C63928100AD8CD6 /* ViewController.swift */; };
		A5DCEA2E2C63928100AD8CD6 /* Base in Resources */ = {isa = PBXBuildFile; fileRef = A5DCEA2D2C63928100AD8CD6 /* Base */; };
		A5DCEA302C63928400AD8CD6 /* Assets.xcassets in Resources */ = {isa = PBXBuildFile; fileRef = A5DCEA2F2C63928400AD8CD6 /* Assets.xcassets */; };
		A5DCEA332C63928400AD8CD6 /* Base in Resources */ = {isa = PBXBuildFile; fileRef = A5DCEA322C63928400AD8CD6 /* Base */; };
		A5DCEA3B2C63994E00AD8CD6 /* GoogleService-Info.plist in Resources */ = {isa = PBXBuildFile; fileRef = A5DCEA3A2C63994E00AD8CD6 /* GoogleService-Info.plist */; };
		A5DCEA3E2C63A20500AD8CD6 /* FirebaseAnalytics in Frameworks */ = {isa = PBXBuildFile; productRef = A5DCEA3D2C63A20500AD8CD6 /* FirebaseAnalytics */; };
		A5DCEA402C63A20500AD8CD6 /* FirebaseAuth in Frameworks */ = {isa = PBXBuildFile; productRef = A5DCEA3F2C63A20500AD8CD6 /* FirebaseAuth */; };
		A5DCEA422C63A20500AD8CD6 /* FirebaseFirestore in Frameworks */ = {isa = PBXBuildFile; productRef = A5DCEA412C63A20500AD8CD6 /* FirebaseFirestore */; };
		A5DCEA442C63A20500AD8CD6 /* FirebaseStorage in Frameworks */ = {isa = PBXBuildFile; productRef = A5DCEA432C63A20500AD8CD6 /* FirebaseStorage */; };
/* End PBXBuildFile section */

/* Begin PBXFileReference section */
		A52B3E172C6DF9C9007EAF9E /* FeedCell.swift */ = {isa = PBXFileReference; lastKnownFileType = sourcecode.swift; path = FeedCell.swift; sourceTree = "<group>"; };
		A556BA262C805F240040F837 /* UIStoryboard+Extensions.swift */ = {isa = PBXFileReference; fileEncoding = 4; lastKnownFileType = sourcecode.swift; path = "UIStoryboard+Extensions.swift"; sourceTree = "<group>"; };
		A556BA282C805F280040F837 /* UIAlertController+Extensions.swift */ = {isa = PBXFileReference; fileEncoding = 4; lastKnownFileType = sourcecode.swift; path = "UIAlertController+Extensions.swift"; sourceTree = "<group>"; };
		A58DD1CC2C74C4920034D6A8 /* Post.swift */ = {isa = PBXFileReference; lastKnownFileType = sourcecode.swift; path = Post.swift; sourceTree = "<group>"; };
		A5BF355B2C649B2B00B18553 /* FeedViewController.swift */ = {isa = PBXFileReference; lastKnownFileType = sourcecode.swift; path = FeedViewController.swift; sourceTree = "<group>"; };
		A5BF355D2C649B3500B18553 /* UploadViewController.swift */ = {isa = PBXFileReference; lastKnownFileType = sourcecode.swift; path = UploadViewController.swift; sourceTree = "<group>"; };
		A5BF355F2C649B4700B18553 /* SettingsViewController.swift */ = {isa = PBXFileReference; lastKnownFileType = sourcecode.swift; path = SettingsViewController.swift; sourceTree = "<group>"; };
		A5C5E7282C82191400BA771F /* CustomTabBarController.swift */ = {isa = PBXFileReference; lastKnownFileType = sourcecode.swift; path = CustomTabBarController.swift; sourceTree = "<group>"; };
		A5DCEA232C63928100AD8CD6 /* InstaClone.app */ = {isa = PBXFileReference; explicitFileType = wrapper.application; includeInIndex = 0; path = InstaClone.app; sourceTree = BUILT_PRODUCTS_DIR; };
		A5DCEA262C63928100AD8CD6 /* AppDelegate.swift */ = {isa = PBXFileReference; lastKnownFileType = sourcecode.swift; path = AppDelegate.swift; sourceTree = "<group>"; };
		A5DCEA282C63928100AD8CD6 /* SceneDelegate.swift */ = {isa = PBXFileReference; lastKnownFileType = sourcecode.swift; path = SceneDelegate.swift; sourceTree = "<group>"; };
		A5DCEA2A2C63928100AD8CD6 /* ViewController.swift */ = {isa = PBXFileReference; lastKnownFileType = sourcecode.swift; path = ViewController.swift; sourceTree = "<group>"; };
		A5DCEA2D2C63928100AD8CD6 /* Base */ = {isa = PBXFileReference; lastKnownFileType = file.storyboard; name = Base; path = Base.lproj/Main.storyboard; sourceTree = "<group>"; };
		A5DCEA2F2C63928400AD8CD6 /* Assets.xcassets */ = {isa = PBXFileReference; lastKnownFileType = folder.assetcatalog; path = Assets.xcassets; sourceTree = "<group>"; };
		A5DCEA322C63928400AD8CD6 /* Base */ = {isa = PBXFileReference; lastKnownFileType = file.storyboard; name = Base; path = Base.lproj/LaunchScreen.storyboard; sourceTree = "<group>"; };
		A5DCEA342C63928400AD8CD6 /* Info.plist */ = {isa = PBXFileReference; lastKnownFileType = text.plist.xml; path = Info.plist; sourceTree = "<group>"; };
		A5DCEA3A2C63994E00AD8CD6 /* GoogleService-Info.plist */ = {isa = PBXFileReference; fileEncoding = 4; lastKnownFileType = text.plist.xml; path = "GoogleService-Info.plist"; sourceTree = "<group>"; };
/* End PBXFileReference section */

/* Begin PBXFrameworksBuildPhase section */
		A5DCEA202C63928100AD8CD6 /* Frameworks */ = {
			isa = PBXFrameworksBuildPhase;
			buildActionMask = 2147483647;
			files = (
				A5DCEA3E2C63A20500AD8CD6 /* FirebaseAnalytics in Frameworks */,
				A5DCEA442C63A20500AD8CD6 /* FirebaseStorage in Frameworks */,
				A5DCEA402C63A20500AD8CD6 /* FirebaseAuth in Frameworks */,
				A5DCEA422C63A20500AD8CD6 /* FirebaseFirestore in Frameworks */,
				A54E040C2C7317DA00488161 /* SDWebImageMapKit in Frameworks */,
				A54E040A2C7317DA00488161 /* SDWebImage in Frameworks */,
			);
			runOnlyForDeploymentPostprocessing = 0;
		};
/* End PBXFrameworksBuildPhase section */

/* Begin PBXGroup section */
		A54E04072C73169D00488161 /* Frameworks */ = {
			isa = PBXGroup;
			children = (
			);
			name = Frameworks;
			sourceTree = "<group>";
		};
		A58DD1CB2C74C4590034D6A8 /* Models */ = {
			isa = PBXGroup;
			children = (
				A58DD1CC2C74C4920034D6A8 /* Post.swift */,
			);
			path = Models;
			sourceTree = "<group>";
		};
		A5DCEA1A2C63928100AD8CD6 = {
			isa = PBXGroup;
			children = (
				A5EF89D42C7F4A75000734CF /* Extensions */,
				A58DD1CB2C74C4590034D6A8 /* Models */,
				A5DCEA252C63928100AD8CD6 /* InstaClone */,
				A5DCEA242C63928100AD8CD6 /* Products */,
				A54E04072C73169D00488161 /* Frameworks */,
			);
			sourceTree = "<group>";
		};
		A5DCEA242C63928100AD8CD6 /* Products */ = {
			isa = PBXGroup;
			children = (
				A5DCEA232C63928100AD8CD6 /* InstaClone.app */,
			);
			name = Products;
			sourceTree = "<group>";
		};
		A5DCEA252C63928100AD8CD6 /* InstaClone */ = {
			isa = PBXGroup;
			children = (
				A5DCEA262C63928100AD8CD6 /* AppDelegate.swift */,
				A5DCEA282C63928100AD8CD6 /* SceneDelegate.swift */,
				A5DCEA2A2C63928100AD8CD6 /* ViewController.swift */,
				A5C5E7282C82191400BA771F /* CustomTabBarController.swift */,
				A5BF355B2C649B2B00B18553 /* FeedViewController.swift */,
				A52B3E172C6DF9C9007EAF9E /* FeedCell.swift */,
				A5BF355D2C649B3500B18553 /* UploadViewController.swift */,
				A5BF355F2C649B4700B18553 /* SettingsViewController.swift */,
				A5DCEA2C2C63928100AD8CD6 /* Main.storyboard */,
				A5DCEA2F2C63928400AD8CD6 /* Assets.xcassets */,
				A5DCEA312C63928400AD8CD6 /* LaunchScreen.storyboard */,
				A5DCEA342C63928400AD8CD6 /* Info.plist */,
				A5DCEA3A2C63994E00AD8CD6 /* GoogleService-Info.plist */,
			);
			path = InstaClone;
			sourceTree = "<group>";
		};
		A5EF89D42C7F4A75000734CF /* Extensions */ = {
			isa = PBXGroup;
			children = (
				A556BA262C805F240040F837 /* UIStoryboard+Extensions.swift */,
				A556BA282C805F280040F837 /* UIAlertController+Extensions.swift */,
			);
			path = Extensions;
			sourceTree = "<group>";
		};
/* End PBXGroup section */

/* Begin PBXNativeTarget section */
		A5DCEA222C63928100AD8CD6 /* InstaClone */ = {
			isa = PBXNativeTarget;
			buildConfigurationList = A5DCEA372C63928400AD8CD6 /* Build configuration list for PBXNativeTarget "InstaClone" */;
			buildPhases = (
				A5DCEA1F2C63928100AD8CD6 /* Sources */,
				A5DCEA202C63928100AD8CD6 /* Frameworks */,
				A5DCEA212C63928100AD8CD6 /* Resources */,
			);
			buildRules = (
			);
			dependencies = (
			);
			name = InstaClone;
			packageProductDependencies = (
				A5DCEA3D2C63A20500AD8CD6 /* FirebaseAnalytics */,
				A5DCEA3F2C63A20500AD8CD6 /* FirebaseAuth */,
				A5DCEA412C63A20500AD8CD6 /* FirebaseFirestore */,
				A5DCEA432C63A20500AD8CD6 /* FirebaseStorage */,
				A54E04092C7317DA00488161 /* SDWebImage */,
				A54E040B2C7317DA00488161 /* SDWebImageMapKit */,
			);
			productName = InstaClone;
			productReference = A5DCEA232C63928100AD8CD6 /* InstaClone.app */;
			productType = "com.apple.product-type.application";
		};
/* End PBXNativeTarget section */

/* Begin PBXProject section */
		A5DCEA1B2C63928100AD8CD6 /* Project object */ = {
			isa = PBXProject;
			attributes = {
				BuildIndependentTargetsInParallel = 1;
				LastSwiftUpdateCheck = 1540;
				LastUpgradeCheck = 1540;
				TargetAttributes = {
					A5DCEA222C63928100AD8CD6 = {
						CreatedOnToolsVersion = 15.4;
					};
				};
			};
			buildConfigurationList = A5DCEA1E2C63928100AD8CD6 /* Build configuration list for PBXProject "InstaClone" */;
			compatibilityVersion = "Xcode 14.0";
			developmentRegion = en;
			hasScannedForEncodings = 0;
			knownRegions = (
				en,
				Base,
			);
			mainGroup = A5DCEA1A2C63928100AD8CD6;
			packageReferences = (
				A5DCEA3C2C63A20500AD8CD6 /* XCRemoteSwiftPackageReference "firebase-ios-sdk" */,
				A54E04082C7317DA00488161 /* XCRemoteSwiftPackageReference "SDWebImage" */,
			);
			productRefGroup = A5DCEA242C63928100AD8CD6 /* Products */;
			projectDirPath = "";
			projectRoot = "";
			targets = (
				A5DCEA222C63928100AD8CD6 /* InstaClone */,
			);
		};
/* End PBXProject section */

/* Begin PBXResourcesBuildPhase section */
		A5DCEA212C63928100AD8CD6 /* Resources */ = {
			isa = PBXResourcesBuildPhase;
			buildActionMask = 2147483647;
			files = (
				A5DCEA302C63928400AD8CD6 /* Assets.xcassets in Resources */,
				A5DCEA3B2C63994E00AD8CD6 /* GoogleService-Info.plist in Resources */,
				A5DCEA332C63928400AD8CD6 /* Base in Resources */,
				A5DCEA2E2C63928100AD8CD6 /* Base in Resources */,
			);
			runOnlyForDeploymentPostprocessing = 0;
		};
/* End PBXResourcesBuildPhase section */

/* Begin PBXSourcesBuildPhase section */
		A5DCEA1F2C63928100AD8CD6 /* Sources */ = {
			isa = PBXSourcesBuildPhase;
			buildActionMask = 2147483647;
			files = (
				A52B3E182C6DF9C9007EAF9E /* FeedCell.swift in Sources */,
				A5BF355E2C649B3500B18553 /* UploadViewController.swift in Sources */,
				A5BF35602C649B4700B18553 /* SettingsViewController.swift in Sources */,
				A58DD1CD2C74C4920034D6A8 /* Post.swift in Sources */,
				A5DCEA2B2C63928100AD8CD6 /* ViewController.swift in Sources */,
				A5C5E7292C82191400BA771F /* CustomTabBarController.swift in Sources */,
				A5BF355C2C649B2B00B18553 /* FeedViewController.swift in Sources */,
				A5DCEA272C63928100AD8CD6 /* AppDelegate.swift in Sources */,
				A556BA272C805F240040F837 /* UIStoryboard+Extensions.swift in Sources */,
				A556BA292C805F280040F837 /* UIAlertController+Extensions.swift in Sources */,
				A5DCEA292C63928100AD8CD6 /* SceneDelegate.swift in Sources */,
			);
			runOnlyForDeploymentPostprocessing = 0;
		};
/* End PBXSourcesBuildPhase section */

/* Begin PBXVariantGroup section */
		A5DCEA2C2C63928100AD8CD6 /* Main.storyboard */ = {
			isa = PBXVariantGroup;
			children = (
				A5DCEA2D2C63928100AD8CD6 /* Base */,
			);
			name = Main.storyboard;
			sourceTree = "<group>";
		};
		A5DCEA312C63928400AD8CD6 /* LaunchScreen.storyboard */ = {
			isa = PBXVariantGroup;
			children = (
				A5DCEA322C63928400AD8CD6 /* Base */,
			);
			name = LaunchScreen.storyboard;
			sourceTree = "<group>";
		};
/* End PBXVariantGroup section */

/* Begin XCBuildConfiguration section */
		A5DCEA352C63928400AD8CD6 /* Debug */ = {
			isa = XCBuildConfiguration;
			buildSettings = {
				ALWAYS_SEARCH_USER_PATHS = NO;
				ASSETCATALOG_COMPILER_GENERATE_SWIFT_ASSET_SYMBOL_EXTENSIONS = YES;
				CLANG_ANALYZER_NONNULL = YES;
				CLANG_ANALYZER_NUMBER_OBJECT_CONVERSION = YES_AGGRESSIVE;
				CLANG_CXX_LANGUAGE_STANDARD = "gnu++20";
				CLANG_ENABLE_MODULES = YES;
				CLANG_ENABLE_OBJC_ARC = YES;
				CLANG_ENABLE_OBJC_WEAK = YES;
				CLANG_WARN_BLOCK_CAPTURE_AUTORELEASING = YES;
				CLANG_WARN_BOOL_CONVERSION = YES;
				CLANG_WARN_COMMA = YES;
				CLANG_WARN_CONSTANT_CONVERSION = YES;
				CLANG_WARN_DEPRECATED_OBJC_IMPLEMENTATIONS = YES;
				CLANG_WARN_DIRECT_OBJC_ISA_USAGE = YES_ERROR;
				CLANG_WARN_DOCUMENTATION_COMMENTS = YES;
				CLANG_WARN_EMPTY_BODY = YES;
				CLANG_WARN_ENUM_CONVERSION = YES;
				CLANG_WARN_INFINITE_RECURSION = YES;
				CLANG_WARN_INT_CONVERSION = YES;
				CLANG_WARN_NON_LITERAL_NULL_CONVERSION = YES;
				CLANG_WARN_OBJC_IMPLICIT_RETAIN_SELF = YES;
				CLANG_WARN_OBJC_LITERAL_CONVERSION = YES;
				CLANG_WARN_OBJC_ROOT_CLASS = YES_ERROR;
				CLANG_WARN_QUOTED_INCLUDE_IN_FRAMEWORK_HEADER = YES;
				CLANG_WARN_RANGE_LOOP_ANALYSIS = YES;
				CLANG_WARN_STRICT_PROTOTYPES = YES;
				CLANG_WARN_SUSPICIOUS_MOVE = YES;
				CLANG_WARN_UNGUARDED_AVAILABILITY = YES_AGGRESSIVE;
				CLANG_WARN_UNREACHABLE_CODE = YES;
				CLANG_WARN__DUPLICATE_METHOD_MATCH = YES;
				COPY_PHASE_STRIP = NO;
				DEBUG_INFORMATION_FORMAT = dwarf;
				ENABLE_STRICT_OBJC_MSGSEND = YES;
				ENABLE_TESTABILITY = YES;
				ENABLE_USER_SCRIPT_SANDBOXING = YES;
				GCC_C_LANGUAGE_STANDARD = gnu17;
				GCC_DYNAMIC_NO_PIC = NO;
				GCC_NO_COMMON_BLOCKS = YES;
				GCC_OPTIMIZATION_LEVEL = 0;
				GCC_PREPROCESSOR_DEFINITIONS = (
					"DEBUG=1",
					"$(inherited)",
				);
				GCC_WARN_64_TO_32_BIT_CONVERSION = YES;
				GCC_WARN_ABOUT_RETURN_TYPE = YES_ERROR;
				GCC_WARN_UNDECLARED_SELECTOR = YES;
				GCC_WARN_UNINITIALIZED_AUTOS = YES_AGGRESSIVE;
				GCC_WARN_UNUSED_FUNCTION = YES;
				GCC_WARN_UNUSED_VARIABLE = YES;
				IPHONEOS_DEPLOYMENT_TARGET = 17.5;
				LOCALIZATION_PREFERS_STRING_CATALOGS = YES;
				MTL_ENABLE_DEBUG_INFO = INCLUDE_SOURCE;
				MTL_FAST_MATH = YES;
				ONLY_ACTIVE_ARCH = YES;
				SDKROOT = iphoneos;
				SWIFT_ACTIVE_COMPILATION_CONDITIONS = "DEBUG $(inherited)";
				SWIFT_OPTIMIZATION_LEVEL = "-Onone";
			};
			name = Debug;
		};
		A5DCEA362C63928400AD8CD6 /* Release */ = {
			isa = XCBuildConfiguration;
			buildSettings = {
				ALWAYS_SEARCH_USER_PATHS = NO;
				ASSETCATALOG_COMPILER_GENERATE_SWIFT_ASSET_SYMBOL_EXTENSIONS = YES;
				CLANG_ANALYZER_NONNULL = YES;
				CLANG_ANALYZER_NUMBER_OBJECT_CONVERSION = YES_AGGRESSIVE;
				CLANG_CXX_LANGUAGE_STANDARD = "gnu++20";
				CLANG_ENABLE_MODULES = YES;
				CLANG_ENABLE_OBJC_ARC = YES;
				CLANG_ENABLE_OBJC_WEAK = YES;
				CLANG_WARN_BLOCK_CAPTURE_AUTORELEASING = YES;
				CLANG_WARN_BOOL_CONVERSION = YES;
				CLANG_WARN_COMMA = YES;
				CLANG_WARN_CONSTANT_CONVERSION = YES;
				CLANG_WARN_DEPRECATED_OBJC_IMPLEMENTATIONS = YES;
				CLANG_WARN_DIRECT_OBJC_ISA_USAGE = YES_ERROR;
				CLANG_WARN_DOCUMENTATION_COMMENTS = YES;
				CLANG_WARN_EMPTY_BODY = YES;
				CLANG_WARN_ENUM_CONVERSION = YES;
				CLANG_WARN_INFINITE_RECURSION = YES;
				CLANG_WARN_INT_CONVERSION = YES;
				CLANG_WARN_NON_LITERAL_NULL_CONVERSION = YES;
				CLANG_WARN_OBJC_IMPLICIT_RETAIN_SELF = YES;
				CLANG_WARN_OBJC_LITERAL_CONVERSION = YES;
				CLANG_WARN_OBJC_ROOT_CLASS = YES_ERROR;
				CLANG_WARN_QUOTED_INCLUDE_IN_FRAMEWORK_HEADER = YES;
				CLANG_WARN_RANGE_LOOP_ANALYSIS = YES;
				CLANG_WARN_STRICT_PROTOTYPES = YES;
				CLANG_WARN_SUSPICIOUS_MOVE = YES;
				CLANG_WARN_UNGUARDED_AVAILABILITY = YES_AGGRESSIVE;
				CLANG_WARN_UNREACHABLE_CODE = YES;
				CLANG_WARN__DUPLICATE_METHOD_MATCH = YES;
				COPY_PHASE_STRIP = NO;
				DEBUG_INFORMATION_FORMAT = "dwarf-with-dsym";
				ENABLE_NS_ASSERTIONS = NO;
				ENABLE_STRICT_OBJC_MSGSEND = YES;
				ENABLE_USER_SCRIPT_SANDBOXING = YES;
				GCC_C_LANGUAGE_STANDARD = gnu17;
				GCC_NO_COMMON_BLOCKS = YES;
				GCC_WARN_64_TO_32_BIT_CONVERSION = YES;
				GCC_WARN_ABOUT_RETURN_TYPE = YES_ERROR;
				GCC_WARN_UNDECLARED_SELECTOR = YES;
				GCC_WARN_UNINITIALIZED_AUTOS = YES_AGGRESSIVE;
				GCC_WARN_UNUSED_FUNCTION = YES;
				GCC_WARN_UNUSED_VARIABLE = YES;
				IPHONEOS_DEPLOYMENT_TARGET = 17.5;
				LOCALIZATION_PREFERS_STRING_CATALOGS = YES;
				MTL_ENABLE_DEBUG_INFO = NO;
				MTL_FAST_MATH = YES;
				SDKROOT = iphoneos;
				SWIFT_COMPILATION_MODE = wholemodule;
				VALIDATE_PRODUCT = YES;
			};
			name = Release;
		};
		A5DCEA382C63928400AD8CD6 /* Debug */ = {
			isa = XCBuildConfiguration;
			buildSettings = {
				ASSETCATALOG_COMPILER_APPICON_NAME = AppIcon;
				ASSETCATALOG_COMPILER_GLOBAL_ACCENT_COLOR_NAME = AccentColor;
				CODE_SIGN_STYLE = Automatic;
				CURRENT_PROJECT_VERSION = 1;
				GENERATE_INFOPLIST_FILE = YES;
				INFOPLIST_FILE = InstaClone/Info.plist;
				INFOPLIST_KEY_UIApplicationSupportsIndirectInputEvents = YES;
				INFOPLIST_KEY_UILaunchStoryboardName = LaunchScreen;
				INFOPLIST_KEY_UIMainStoryboardFile = Main;
				INFOPLIST_KEY_UISupportedInterfaceOrientations_iPad = "UIInterfaceOrientationPortrait UIInterfaceOrientationPortraitUpsideDown UIInterfaceOrientationLandscapeLeft UIInterfaceOrientationLandscapeRight";
				INFOPLIST_KEY_UISupportedInterfaceOrientations_iPhone = "UIInterfaceOrientationPortrait UIInterfaceOrientationLandscapeLeft UIInterfaceOrientationLandscapeRight";
				LD_RUNPATH_SEARCH_PATHS = (
					"$(inherited)",
					"@executable_path/Frameworks",
				);
				MARKETING_VERSION = 1.0;
				PRODUCT_BUNDLE_IDENTIFIER = MyWork.InstaClone;
				PRODUCT_NAME = "$(TARGET_NAME)";
				SWIFT_EMIT_LOC_STRINGS = YES;
				SWIFT_VERSION = 5.0;
				TARGETED_DEVICE_FAMILY = "1,2";
			};
			name = Debug;
		};
		A5DCEA392C63928400AD8CD6 /* Release */ = {
			isa = XCBuildConfiguration;
			buildSettings = {
				ASSETCATALOG_COMPILER_APPICON_NAME = AppIcon;
				ASSETCATALOG_COMPILER_GLOBAL_ACCENT_COLOR_NAME = AccentColor;
				CODE_SIGN_STYLE = Automatic;
				CURRENT_PROJECT_VERSION = 1;
				GENERATE_INFOPLIST_FILE = YES;
				INFOPLIST_FILE = InstaClone/Info.plist;
				INFOPLIST_KEY_UIApplicationSupportsIndirectInputEvents = YES;
				INFOPLIST_KEY_UILaunchStoryboardName = LaunchScreen;
				INFOPLIST_KEY_UIMainStoryboardFile = Main;
				INFOPLIST_KEY_UISupportedInterfaceOrientations_iPad = "UIInterfaceOrientationPortrait UIInterfaceOrientationPortraitUpsideDown UIInterfaceOrientationLandscapeLeft UIInterfaceOrientationLandscapeRight";
				INFOPLIST_KEY_UISupportedInterfaceOrientations_iPhone = "UIInterfaceOrientationPortrait UIInterfaceOrientationLandscapeLeft UIInterfaceOrientationLandscapeRight";
				LD_RUNPATH_SEARCH_PATHS = (
					"$(inherited)",
					"@executable_path/Frameworks",
				);
				MARKETING_VERSION = 1.0;
				PRODUCT_BUNDLE_IDENTIFIER = MyWork.InstaClone;
				PRODUCT_NAME = "$(TARGET_NAME)";
				SWIFT_EMIT_LOC_STRINGS = YES;
				SWIFT_VERSION = 5.0;
				TARGETED_DEVICE_FAMILY = "1,2";
			};
			name = Release;
		};
/* End XCBuildConfiguration section */

/* Begin XCConfigurationList section */
		A5DCEA1E2C63928100AD8CD6 /* Build configuration list for PBXProject "InstaClone" */ = {
			isa = XCConfigurationList;
			buildConfigurations = (
				A5DCEA352C63928400AD8CD6 /* Debug */,
				A5DCEA362C63928400AD8CD6 /* Release */,
			);
			defaultConfigurationIsVisible = 0;
			defaultConfigurationName = Release;
		};
		A5DCEA372C63928400AD8CD6 /* Build configuration list for PBXNativeTarget "InstaClone" */ = {
			isa = XCConfigurationList;
			buildConfigurations = (
				A5DCEA382C63928400AD8CD6 /* Debug */,
				A5DCEA392C63928400AD8CD6 /* Release */,
			);
			defaultConfigurationIsVisible = 0;
			defaultConfigurationName = Release;
		};
/* End XCConfigurationList section */

/* Begin XCRemoteSwiftPackageReference section */
		A54E04082C7317DA00488161 /* XCRemoteSwiftPackageReference "SDWebImage" */ = {
			isa = XCRemoteSwiftPackageReference;
			repositoryURL = "https://github.com/SDWebImage/SDWebImage.git";
			requirement = {
				kind = upToNextMajorVersion;
				minimumVersion = 5.19.6;
			};
		};
		A5DCEA3C2C63A20500AD8CD6 /* XCRemoteSwiftPackageReference "firebase-ios-sdk" */ = {
			isa = XCRemoteSwiftPackageReference;
			repositoryURL = "https://github.com/firebase/firebase-ios-sdk";
			requirement = {
				kind = upToNextMajorVersion;
				minimumVersion = 11.0.0;
			};
		};
/* End XCRemoteSwiftPackageReference section */

/* Begin XCSwiftPackageProductDependency section */
		A54E04092C7317DA00488161 /* SDWebImage */ = {
			isa = XCSwiftPackageProductDependency;
			package = A54E04082C7317DA00488161 /* XCRemoteSwiftPackageReference "SDWebImage" */;
			productName = SDWebImage;
		};
		A54E040B2C7317DA00488161 /* SDWebImageMapKit */ = {
			isa = XCSwiftPackageProductDependency;
			package = A54E04082C7317DA00488161 /* XCRemoteSwiftPackageReference "SDWebImage" */;
			productName = SDWebImageMapKit;
		};
		A5DCEA3D2C63A20500AD8CD6 /* FirebaseAnalytics */ = {
			isa = XCSwiftPackageProductDependency;
			package = A5DCEA3C2C63A20500AD8CD6 /* XCRemoteSwiftPackageReference "firebase-ios-sdk" */;
			productName = FirebaseAnalytics;
		};
		A5DCEA3F2C63A20500AD8CD6 /* FirebaseAuth */ = {
			isa = XCSwiftPackageProductDependency;
			package = A5DCEA3C2C63A20500AD8CD6 /* XCRemoteSwiftPackageReference "firebase-ios-sdk" */;
			productName = FirebaseAuth;
		};
		A5DCEA412C63A20500AD8CD6 /* FirebaseFirestore */ = {
			isa = XCSwiftPackageProductDependency;
			package = A5DCEA3C2C63A20500AD8CD6 /* XCRemoteSwiftPackageReference "firebase-ios-sdk" */;
			productName = FirebaseFirestore;
		};
		A5DCEA432C63A20500AD8CD6 /* FirebaseStorage */ = {
			isa = XCSwiftPackageProductDependency;
			package = A5DCEA3C2C63A20500AD8CD6 /* XCRemoteSwiftPackageReference "firebase-ios-sdk" */;
			productName = FirebaseStorage;
		};
/* End XCSwiftPackageProductDependency section */
	};
	rootObject = A5DCEA1B2C63928100AD8CD6 /* Project object */;
}
